<?xml version="1.0" encoding="UTF-8" standalone="yes" ?>
<CodeBlocks_project_file>
	<FileVersion major="1" minor="6" />
	<Project>
		<Option title="HFSwithGrasp" />
		<Option pch_mode="2" />
		<Option compiler="gcc" />
		<Build>
			<Target title="Debug">
				<Option output="bin/Debug/HFSwithGrasp" prefix_auto="1" extension_auto="1" />
				<Option object_output="obj/Debug/" />
				<Option type="1" />
				<Option compiler="gcc" />
				<Compiler>
					<Add option="-g" />
				</Compiler>
			</Target>
			<Target title="Release">
				<Option output="bin/Release/HFSwithGrasp" prefix_auto="1" extension_auto="1" />
				<Option object_output="obj/Release/" />
				<Option type="1" />
				<Option compiler="gcc" />
				<Compiler>
					<Add option="-O2" />
				</Compiler>
				<Linker>
					<Add option="-s" />
				</Linker>
			</Target>
		</Build>
		<Compiler>
			<Add option="-Wall" />
		</Compiler>
		<Unit filename="arquivos.cpp" />
		<Unit filename="arquivos.h" />
		<Unit filename="chargeTestSet.cpp" />
		<Unit filename="chargeTestSet.h" />
		<Unit filename="chargeTrainingSet.cpp" />
		<Unit filename="chargeTrainingSet.h" />
		<Unit filename="classifier.cpp" />
		<Unit filename="classifier.h" />
		<Unit filename="grasp.cpp" />
		<Unit filename="nbayes.cpp" />
		<Unit filename="nbayes.h" />
		<Unit filename="ranking.cpp" />
		<Unit filename="ranking.h" />
		<Unit filename="time.h" />
		<Unit filename="utils.cpp" />
		<Unit filename="utils.h" />
		<Extensions>
			<code_completion />
			<debugger />
		</Extensions>
	</Project>
</CodeBlocks_project_file>
